
Microsoft Visual Studio Solution File, Format Version 12.00
# Visual Studio Version 17
VisualStudioVersion = 17.11.35222.181
MinimumVisualStudioVersion = 10.0.40219.1
Project("{FAE04EC0-301F-11D3-BF4B-00C04F79EFBC}") = "HandlMultiple_Exception", "HandlMultiple_Exception\HandlMultiple_Exception.csproj", "{AA9BFFBD-B83E-4584-B331-C54BB8DDD241}"
EndProject
Project("{FAE04EC0-301F-11D3-BF4B-00C04F79EFBC}") = "HandlMultipleExceptionTests", "HandlMultipleExceptionTests\HandlMultipleExceptionTests.csproj", "{CBE89F0D-C429-4639-BFBD-2408AFB41899}"
EndProject
Global
	GlobalSection(SolutionConfigurationPlatforms) = preSolution
		Debug|Any CPU = Debug|Any CPU
		Release|Any CPU = Release|Any CPU
	EndGlobalSection
	GlobalSection(ProjectConfigurationPlatforms) = postSolution
		{AA9BFFBD-B83E-4584-B331-C54BB8DDD241}.Debug|Any CPU.ActiveCfg = Debug|Any CPU
		{AA9BFFBD-B83E-4584-B331-C54BB8DDD241}.Debug|Any CPU.Build.0 = Debug|Any CPU
		{AA9BFFBD-B83E-4584-B331-C54BB8DDD241}.Release|Any CPU.ActiveCfg = Release|Any CPU
		{AA9BFFBD-B83E-4584-B331-C54BB8DDD241}.Release|Any CPU.Build.0 = Release|Any CPU
		{CBE89F0D-C429-4639-BFBD-2408AFB41899}.Debug|Any CPU.ActiveCfg = Debug|Any CPU
		{CBE89F0D-C429-4639-BFBD-2408AFB41899}.Debug|Any CPU.Build.0 = Debug|Any CPU
		{CBE89F0D-C429-4639-BFBD-2408AFB41899}.Release|Any CPU.ActiveCfg = Release|Any CPU
		{CBE89F0D-C429-4639-BFBD-2408AFB41899}.Release|Any CPU.Build.0 = Release|Any CPU
	EndGlobalSection
	GlobalSection(SolutionProperties) = preSolution
		HideSolutionNode = FALSE
	EndGlobalSection
	GlobalSection(ExtensibilityGlobals) = postSolution
		SolutionGuid = {79674128-F80A-4AC4-966A-DE5F3ED3F076}
	EndGlobalSection
EndGlobal
